
Microsoft Visual Studio Solution File, Format Version 12.00
# Visual Studio 15
VisualStudioVersion = 15.0.27130.2036
MinimumVisualStudioVersion = 10.0.40219.1
Project("{9A19103F-16F7-4668-BE54-9A1E7A4F7556}") = "SrvBackend", "SrvBackend\SrvBackend.csproj", "{BC355AAE-FD9A-40E6-A70B-7F0E733EE994}"
EndProject
Global
	GlobalSection(SolutionConfigurationPlatforms) = preSolution
		Debug|Any CPU = Debug|Any CPU
		Release|Any CPU = Release|Any CPU
	EndGlobalSection
	GlobalSection(ProjectConfigurationPlatforms) = postSolution
		{BC355AAE-FD9A-40E6-A70B-7F0E733EE994}.Debug|Any CPU.ActiveCfg = Debug|Any CPU
		{BC355AAE-FD9A-40E6-A70B-7F0E733EE994}.Debug|Any CPU.Build.0 = Debug|Any CPU
		{BC355AAE-FD9A-40E6-A70B-7F0E733EE994}.Release|Any CPU.ActiveCfg = Release|Any CPU
		{BC355AAE-FD9A-40E6-A70B-7F0E733EE994}.Release|Any CPU.Build.0 = Release|Any CPU
	EndGlobalSection
	GlobalSection(SolutionProperties) = preSolution
		HideSolutionNode = FALSE
	EndGlobalSection
	GlobalSection(ExtensibilityGlobals) = postSolution
		SolutionGuid = {DE899780-A0F1-4C2A-A272-0F2AE51CC6A0}
	EndGlobalSection
EndGlobal
